
Microsoft Visual Studio Solution File, Format Version 12.00
# Visual Studio Version 17
VisualStudioVersion = 17.4.33205.214
MinimumVisualStudioVersion = 10.0.40219.1
Project("{9A19103F-16F7-4668-BE54-9A1E7A4F7556}") = "RomertalKonvertering", "RomertalKonvertering\RomertalKonvertering.csproj", "{DA82554C-E3D1-40C4-BB6A-33ACF9B30E27}"
EndProject
Project("{FAE04EC0-301F-11D3-BF4B-00C04F79EFBC}") = "RomertalKonverteringTests", "RomertalKonverteringTests\RomertalKonverteringTests.csproj", "{F837D10A-1752-488C-94E3-72846C82B008}"
EndProject
Global
	GlobalSection(SolutionConfigurationPlatforms) = preSolution
		Debug|Any CPU = Debug|Any CPU
		Release|Any CPU = Release|Any CPU
	EndGlobalSection
	GlobalSection(ProjectConfigurationPlatforms) = postSolution
		{DA82554C-E3D1-40C4-BB6A-33ACF9B30E27}.Debug|Any CPU.ActiveCfg = Debug|Any CPU
		{DA82554C-E3D1-40C4-BB6A-33ACF9B30E27}.Debug|Any CPU.Build.0 = Debug|Any CPU
		{DA82554C-E3D1-40C4-BB6A-33ACF9B30E27}.Release|Any CPU.ActiveCfg = Release|Any CPU
		{DA82554C-E3D1-40C4-BB6A-33ACF9B30E27}.Release|Any CPU.Build.0 = Release|Any CPU
		{3A546DC3-E21E-4B0C-BD72-470346EBA4EF}.Debug|Any CPU.ActiveCfg = Debug|Any CPU
		{3A546DC3-E21E-4B0C-BD72-470346EBA4EF}.Debug|Any CPU.Build.0 = Debug|Any CPU
		{3A546DC3-E21E-4B0C-BD72-470346EBA4EF}.Release|Any CPU.ActiveCfg = Release|Any CPU
		{3A546DC3-E21E-4B0C-BD72-470346EBA4EF}.Release|Any CPU.Build.0 = Release|Any CPU
		{F837D10A-1752-488C-94E3-72846C82B008}.Debug|Any CPU.ActiveCfg = Debug|Any CPU
		{F837D10A-1752-488C-94E3-72846C82B008}.Debug|Any CPU.Build.0 = Debug|Any CPU
		{F837D10A-1752-488C-94E3-72846C82B008}.Release|Any CPU.ActiveCfg = Release|Any CPU
		{F837D10A-1752-488C-94E3-72846C82B008}.Release|Any CPU.Build.0 = Release|Any CPU
	EndGlobalSection
	GlobalSection(SolutionProperties) = preSolution
		HideSolutionNode = FALSE
	EndGlobalSection
	GlobalSection(ExtensibilityGlobals) = postSolution
		SolutionGuid = {1EB2B109-B62F-4757-9D86-60FA53B0EF4C}
	EndGlobalSection
EndGlobal
